
Microsoft Visual Studio Solution File, Format Version 12.00
# Visual Studio Version 17
VisualStudioVersion = 17.6.33815.320
MinimumVisualStudioVersion = 10.0.40219.1
Project("{FAE04EC0-301F-11D3-BF4B-00C04F79EFBC}") = "signalRsample", "signalRsample\signalRsample.csproj", "{5B6B3C9E-D6D9-4CD8-9298-5E11FFEAB603}"
EndProject
Global
	GlobalSection(SolutionConfigurationPlatforms) = preSolution
		Debug|Any CPU = Debug|Any CPU
		Release|Any CPU = Release|Any CPU
	EndGlobalSection
	GlobalSection(ProjectConfigurationPlatforms) = postSolution
		{5B6B3C9E-D6D9-4CD8-9298-5E11FFEAB603}.Debug|Any CPU.ActiveCfg = Debug|Any CPU
		{5B6B3C9E-D6D9-4CD8-9298-5E11FFEAB603}.Debug|Any CPU.Build.0 = Debug|Any CPU
		{5B6B3C9E-D6D9-4CD8-9298-5E11FFEAB603}.Release|Any CPU.ActiveCfg = Release|Any CPU
		{5B6B3C9E-D6D9-4CD8-9298-5E11FFEAB603}.Release|Any CPU.Build.0 = Release|Any CPU
	EndGlobalSection
	GlobalSection(SolutionProperties) = preSolution
		HideSolutionNode = FALSE
	EndGlobalSection
	GlobalSection(ExtensibilityGlobals) = postSolution
		SolutionGuid = {330E4499-452F-47E2-84C7-14232A84BD43}
	EndGlobalSection
EndGlobal
